
Microsoft Visual Studio Solution File, Format Version 12.00
# Visual Studio 2015
Project("{FAE04EC0-301F-11D3-BF4B-00C04F79EFBC}") = "Road Car 2.CSharp", "Road Car 2.CSharp.csproj", "{08FC57B5-7E36-55E1-48BD-75F81223DB1A}"
EndProject
Project("{FAE04EC0-301F-11D3-BF4B-00C04F79EFBC}") = "Road Car 2.CSharp.Editor", "Road Car 2.CSharp.Editor.csproj", "{10C6DA00-C5B0-C957-AEF6-E10DE462DA12}"
EndProject
Global
	GlobalSection(SolutionConfigurationPlatforms) = preSolution
		Debug|Any CPU = Debug|Any CPU
		Release|Any CPU = Release|Any CPU
	EndGlobalSection
	GlobalSection(ProjectConfigurationPlatforms) = postSolution
		{08FC57B5-7E36-55E1-48BD-75F81223DB1A}.Debug|Any CPU.ActiveCfg = Debug|Any CPU
		{08FC57B5-7E36-55E1-48BD-75F81223DB1A}.Debug|Any CPU.Build.0 = Debug|Any CPU
		{08FC57B5-7E36-55E1-48BD-75F81223DB1A}.Release|Any CPU.ActiveCfg = Release|Any CPU
		{08FC57B5-7E36-55E1-48BD-75F81223DB1A}.Release|Any CPU.Build.0 = Release|Any CPU
		{10C6DA00-C5B0-C957-AEF6-E10DE462DA12}.Debug|Any CPU.ActiveCfg = Debug|Any CPU
		{10C6DA00-C5B0-C957-AEF6-E10DE462DA12}.Debug|Any CPU.Build.0 = Debug|Any CPU
		{10C6DA00-C5B0-C957-AEF6-E10DE462DA12}.Release|Any CPU.ActiveCfg = Release|Any CPU
		{10C6DA00-C5B0-C957-AEF6-E10DE462DA12}.Release|Any CPU.Build.0 = Release|Any CPU
	EndGlobalSection
	GlobalSection(SolutionProperties) = preSolution
		HideSolutionNode = FALSE
	EndGlobalSection
EndGlobal
